
Microsoft Visual Studio Solution File, Format Version 12.00
# Visual Studio Version 16
VisualStudioVersion = 16.0.34301.259
MinimumVisualStudioVersion = 10.0.40219.1
Project("{FAE04EC0-301F-11D3-BF4B-00C04F79EFBC}") = "Mikroszim", "Mikroszim.csproj", "{1B8DA4B0-6B6D-4295-B232-4D34DAF3F0B1}"
EndProject
Global
	GlobalSection(SolutionConfigurationPlatforms) = preSolution
		Debug|Any CPU = Debug|Any CPU
		Release|Any CPU = Release|Any CPU
	EndGlobalSection
	GlobalSection(ProjectConfigurationPlatforms) = postSolution
		{1B8DA4B0-6B6D-4295-B232-4D34DAF3F0B1}.Debug|Any CPU.ActiveCfg = Debug|Any CPU
		{1B8DA4B0-6B6D-4295-B232-4D34DAF3F0B1}.Debug|Any CPU.Build.0 = Debug|Any CPU
		{1B8DA4B0-6B6D-4295-B232-4D34DAF3F0B1}.Release|Any CPU.ActiveCfg = Release|Any CPU
		{1B8DA4B0-6B6D-4295-B232-4D34DAF3F0B1}.Release|Any CPU.Build.0 = Release|Any CPU
	EndGlobalSection
	GlobalSection(SolutionProperties) = preSolution
		HideSolutionNode = FALSE
	EndGlobalSection
	GlobalSection(ExtensibilityGlobals) = postSolution
		SolutionGuid = {F1A4BECD-7C49-4710-9539-DA537D200E0C}
	EndGlobalSection
EndGlobal
