
Microsoft Visual Studio Solution File, Format Version 12.00
# Visual Studio Version 16
VisualStudioVersion = 16.0.34301.259
MinimumVisualStudioVersion = 10.0.40219.1
Project("{FAE04EC0-301F-11D3-BF4B-00C04F79EFBC}") = "carfactory", "carfactory.csproj", "{5125B801-BA70-459B-87AA-7427B202C0C4}"
EndProject
Global
	GlobalSection(SolutionConfigurationPlatforms) = preSolution
		Debug|Any CPU = Debug|Any CPU
		Release|Any CPU = Release|Any CPU
	EndGlobalSection
	GlobalSection(ProjectConfigurationPlatforms) = postSolution
		{5125B801-BA70-459B-87AA-7427B202C0C4}.Debug|Any CPU.ActiveCfg = Debug|Any CPU
		{5125B801-BA70-459B-87AA-7427B202C0C4}.Debug|Any CPU.Build.0 = Debug|Any CPU
		{5125B801-BA70-459B-87AA-7427B202C0C4}.Release|Any CPU.ActiveCfg = Release|Any CPU
		{5125B801-BA70-459B-87AA-7427B202C0C4}.Release|Any CPU.Build.0 = Release|Any CPU
	EndGlobalSection
	GlobalSection(SolutionProperties) = preSolution
		HideSolutionNode = FALSE
	EndGlobalSection
	GlobalSection(ExtensibilityGlobals) = postSolution
		SolutionGuid = {3F8A00ED-554C-4893-87AD-615E5FBF16F2}
	EndGlobalSection
EndGlobal
